// !$*UTF8*$!
{
	archiveVersion = 1;
	classes = {
	};
	objectVersion = 46;
	objects = {

/* Begin PBXBuildFile section */
		3F0A0A761E73BFF4008E385A /* AppDelegate.swift in Sources */ = {isa = PBXBuildFile; fileRef = 3F0A0A751E73BFF4008E385A /* AppDelegate.swift */; };
		3F0A0A781E73BFF4008E385A /* SWHMainViewController.swift in Sources */ = {isa = PBXBuildFile; fileRef = 3F0A0A771E73BFF4008E385A /* SWHMainViewController.swift */; };
		3F0A0A7B1E73BFF4008E385A /* Main.storyboard in Resources */ = {isa = PBXBuildFile; fileRef = 3F0A0A791E73BFF4008E385A /* Main.storyboard */; };
		3F0A0A7E1E73BFF4008E385A /* HealthCare.xcdatamodeld in Sources */ = {isa = PBXBuildFile; fileRef = 3F0A0A7C1E73BFF4008E385A /* HealthCare.xcdatamodeld */; };
		3F0A0A801E73BFF4008E385A /* Assets.xcassets in Resources */ = {isa = PBXBuildFile; fileRef = 3F0A0A7F1E73BFF4008E385A /* Assets.xcassets */; };
		3F0A0A831E73BFF4008E385A /* LaunchScreen.storyboard in Resources */ = {isa = PBXBuildFile; fileRef = 3F0A0A811E73BFF4008E385A /* LaunchScreen.storyboard */; };
		3F0A0A8C1E73D0FC008E385A /* Speech.framework in Frameworks */ = {isa = PBXBuildFile; fileRef = 3F0A0A8B1E73D0FC008E385A /* Speech.framework */; };
		3F0A0A901E73DAB4008E385A /* Reachability.swift in Sources */ = {isa = PBXBuildFile; fileRef = 3F0A0A8E1E73DAB4008E385A /* Reachability.swift */; };
		3F0A0A931E73DC10008E385A /* Utils.swift in Sources */ = {isa = PBXBuildFile; fileRef = 3F0A0A921E73DC10008E385A /* Utils.swift */; };
		3F0A0A991E73DD9D008E385A /* DataManager.swift in Sources */ = {isa = PBXBuildFile; fileRef = 3F0A0A981E73DD9D008E385A /* DataManager.swift */; };
		3F0A0A9E1E749D56008E385A /* VideoSplashViewController.swift in Sources */ = {isa = PBXBuildFile; fileRef = 3F0A0A9C1E749D56008E385A /* VideoSplashViewController.swift */; };
		3F0A0A9F1E749D56008E385A /* WebViewContent.html in Resources */ = {isa = PBXBuildFile; fileRef = 3F0A0A9D1E749D56008E385A /* WebViewContent.html */; };
		3F0A0AA21E749D77008E385A /* titleSequence.gif in Resources */ = {isa = PBXBuildFile; fileRef = 3F0A0AA11E749D77008E385A /* titleSequence.gif */; };
		3F0A0AA61E74D881008E385A /* DetailsViewController.swift in Sources */ = {isa = PBXBuildFile; fileRef = 3F0A0AA51E74D881008E385A /* DetailsViewController.swift */; };
		3FD9D9DC1E751A5D00B1A232 /* Decoder.swift in Sources */ = {isa = PBXBuildFile; fileRef = 3FD9D9D31E751A5D00B1A232 /* Decoder.swift */; };
		3FD9D9DD1E751A5D00B1A232 /* Encoder.swift in Sources */ = {isa = PBXBuildFile; fileRef = 3FD9D9D41E751A5D00B1A232 /* Encoder.swift */; };
		3FD9D9DE1E751A5D00B1A232 /* ExtensionArray.swift in Sources */ = {isa = PBXBuildFile; fileRef = 3FD9D9D51E751A5D00B1A232 /* ExtensionArray.swift */; };
		3FD9D9DF1E751A5D00B1A232 /* ExtensionDecodable.swift in Sources */ = {isa = PBXBuildFile; fileRef = 3FD9D9D61E751A5D00B1A232 /* ExtensionDecodable.swift */; };
		3FD9D9E01E751A5D00B1A232 /* ExtensionDictionary.swift in Sources */ = {isa = PBXBuildFile; fileRef = 3FD9D9D71E751A5D00B1A232 /* ExtensionDictionary.swift */; };
		3FD9D9E11E751A5D00B1A232 /* Gloss.swift in Sources */ = {isa = PBXBuildFile; fileRef = 3FD9D9D91E751A5D00B1A232 /* Gloss.swift */; };
		3FD9D9E21E751A5D00B1A232 /* Info.plist in Resources */ = {isa = PBXBuildFile; fileRef = 3FD9D9DA1E751A5D00B1A232 /* Info.plist */; };
		3FD9D9E31E751A5D00B1A232 /* Operators.swift in Sources */ = {isa = PBXBuildFile; fileRef = 3FD9D9DB1E751A5D00B1A232 /* Operators.swift */; };
/* End PBXBuildFile section */

/* Begin PBXFileReference section */
		3F0A0A721E73BFF4008E385A /* HealthCare.app */ = {isa = PBXFileReference; explicitFileType = wrapper.application; includeInIndex = 0; path = HealthCare.app; sourceTree = BUILT_PRODUCTS_DIR; };
		3F0A0A751E73BFF4008E385A /* AppDelegate.swift */ = {isa = PBXFileReference; lastKnownFileType = sourcecode.swift; path = AppDelegate.swift; sourceTree = "<group>"; };
		3F0A0A771E73BFF4008E385A /* SWHMainViewController.swift */ = {isa = PBXFileReference; lastKnownFileType = sourcecode.swift; path = SWHMainViewController.swift; sourceTree = "<group>"; };
		3F0A0A7A1E73BFF4008E385A /* Base */ = {isa = PBXFileReference; lastKnownFileType = file.storyboard; name = Base; path = Base.lproj/Main.storyboard; sourceTree = "<group>"; };
		3F0A0A7D1E73BFF4008E385A /* HealthCare.xcdatamodel */ = {isa = PBXFileReference; lastKnownFileType = wrapper.xcdatamodel; path = HealthCare.xcdatamodel; sourceTree = "<group>"; };
		3F0A0A7F1E73BFF4008E385A /* Assets.xcassets */ = {isa = PBXFileReference; lastKnownFileType = folder.assetcatalog; path = Assets.xcassets; sourceTree = "<group>"; };
		3F0A0A821E73BFF4008E385A /* Base */ = {isa = PBXFileReference; lastKnownFileType = file.storyboard; name = Base; path = Base.lproj/LaunchScreen.storyboard; sourceTree = "<group>"; };
		3F0A0A841E73BFF4008E385A /* Info.plist */ = {isa = PBXFileReference; lastKnownFileType = text.plist.xml; path = Info.plist; sourceTree = "<group>"; };
		3F0A0A8B1E73D0FC008E385A /* Speech.framework */ = {isa = PBXFileReference; lastKnownFileType = wrapper.framework; name = Speech.framework; path = System/Library/Frameworks/Speech.framework; sourceTree = SDKROOT; };
		3F0A0A8E1E73DAB4008E385A /* Reachability.swift */ = {isa = PBXFileReference; fileEncoding = 4; lastKnownFileType = sourcecode.swift; path = Reachability.swift; sourceTree = "<group>"; };
		3F0A0A921E73DC10008E385A /* Utils.swift */ = {isa = PBXFileReference; fileEncoding = 4; lastKnownFileType = sourcecode.swift; path = Utils.swift; sourceTree = "<group>"; };
		3F0A0A981E73DD9D008E385A /* DataManager.swift */ = {isa = PBXFileReference; fileEncoding = 4; lastKnownFileType = sourcecode.swift; path = DataManager.swift; sourceTree = "<group>"; };
		3F0A0A9C1E749D56008E385A /* VideoSplashViewController.swift */ = {isa = PBXFileReference; fileEncoding = 4; lastKnownFileType = sourcecode.swift; path = VideoSplashViewController.swift; sourceTree = "<group>"; };
		3F0A0A9D1E749D56008E385A /* WebViewContent.html */ = {isa = PBXFileReference; fileEncoding = 4; lastKnownFileType = text.html; path = WebViewContent.html; sourceTree = "<group>"; };
		3F0A0AA11E749D77008E385A /* titleSequence.gif */ = {isa = PBXFileReference; lastKnownFileType = image.gif; path = titleSequence.gif; sourceTree = "<group>"; };
		3F0A0AA51E74D881008E385A /* DetailsViewController.swift */ = {isa = PBXFileReference; fileEncoding = 4; lastKnownFileType = sourcecode.swift; path = DetailsViewController.swift; sourceTree = "<group>"; };
		3FD9D9D31E751A5D00B1A232 /* Decoder.swift */ = {isa = PBXFileReference; fileEncoding = 4; lastKnownFileType = sourcecode.swift; path = Decoder.swift; sourceTree = "<group>"; };
		3FD9D9D41E751A5D00B1A232 /* Encoder.swift */ = {isa = PBXFileReference; fileEncoding = 4; lastKnownFileType = sourcecode.swift; path = Encoder.swift; sourceTree = "<group>"; };
		3FD9D9D51E751A5D00B1A232 /* ExtensionArray.swift */ = {isa = PBXFileReference; fileEncoding = 4; lastKnownFileType = sourcecode.swift; path = ExtensionArray.swift; sourceTree = "<group>"; };
		3FD9D9D61E751A5D00B1A232 /* ExtensionDecodable.swift */ = {isa = PBXFileReference; fileEncoding = 4; lastKnownFileType = sourcecode.swift; path = ExtensionDecodable.swift; sourceTree = "<group>"; };
		3FD9D9D71E751A5D00B1A232 /* ExtensionDictionary.swift */ = {isa = PBXFileReference; fileEncoding = 4; lastKnownFileType = sourcecode.swift; path = ExtensionDictionary.swift; sourceTree = "<group>"; };
		3FD9D9D81E751A5D00B1A232 /* Gloss.h */ = {isa = PBXFileReference; fileEncoding = 4; lastKnownFileType = sourcecode.c.h; path = Gloss.h; sourceTree = "<group>"; };
		3FD9D9D91E751A5D00B1A232 /* Gloss.swift */ = {isa = PBXFileReference; fileEncoding = 4; lastKnownFileType = sourcecode.swift; path = Gloss.swift; sourceTree = "<group>"; };
		3FD9D9DA1E751A5D00B1A232 /* Info.plist */ = {isa = PBXFileReference; fileEncoding = 4; lastKnownFileType = text.plist.xml; path = Info.plist; sourceTree = "<group>"; };
		3FD9D9DB1E751A5D00B1A232 /* Operators.swift */ = {isa = PBXFileReference; fileEncoding = 4; lastKnownFileType = sourcecode.swift; path = Operators.swift; sourceTree = "<group>"; };
/* End PBXFileReference section */

/* Begin PBXFrameworksBuildPhase section */
		3F0A0A6F1E73BFF4008E385A /* Frameworks */ = {
			isa = PBXFrameworksBuildPhase;
			buildActionMask = 2147483647;
			files = (
				3F0A0A8C1E73D0FC008E385A /* Speech.framework in Frameworks */,
			);
			runOnlyForDeploymentPostprocessing = 0;
		};
/* End PBXFrameworksBuildPhase section */

/* Begin PBXGroup section */
		3F0A0A691E73BFF4008E385A = {
			isa = PBXGroup;
			children = (
				3FD9D9D21E751A5D00B1A232 /* Sources */,
				3F0A0AA01E749D5C008E385A /* Assets */,
				3F0A0A8D1E73DAA1008E385A /* Helpers */,
				3F0A0A741E73BFF4008E385A /* HealthCare */,
				3F0A0A731E73BFF4008E385A /* Products */,
				3F0A0A8A1E73D0FC008E385A /* Frameworks */,
			);
			sourceTree = "<group>";
		};
		3F0A0A731E73BFF4008E385A /* Products */ = {
			isa = PBXGroup;
			children = (
				3F0A0A721E73BFF4008E385A /* HealthCare.app */,
			);
			name = Products;
			sourceTree = "<group>";
		};
		3F0A0A741E73BFF4008E385A /* HealthCare */ = {
			isa = PBXGroup;
			children = (
				3F0A0A9C1E749D56008E385A /* VideoSplashViewController.swift */,
				3F0A0A9D1E749D56008E385A /* WebViewContent.html */,
				3F0A0A751E73BFF4008E385A /* AppDelegate.swift */,
				3F0A0A771E73BFF4008E385A /* SWHMainViewController.swift */,
				3F0A0AA51E74D881008E385A /* DetailsViewController.swift */,
				3F0A0A791E73BFF4008E385A /* Main.storyboard */,
				3F0A0A7F1E73BFF4008E385A /* Assets.xcassets */,
				3F0A0A811E73BFF4008E385A /* LaunchScreen.storyboard */,
				3F0A0A841E73BFF4008E385A /* Info.plist */,
				3F0A0A7C1E73BFF4008E385A /* HealthCare.xcdatamodeld */,
			);
			path = HealthCare;
			sourceTree = "<group>";
		};
		3F0A0A8A1E73D0FC008E385A /* Frameworks */ = {
			isa = PBXGroup;
			children = (
				3F0A0A8B1E73D0FC008E385A /* Speech.framework */,
			);
			name = Frameworks;
			sourceTree = "<group>";
		};
		3F0A0A8D1E73DAA1008E385A /* Helpers */ = {
			isa = PBXGroup;
			children = (
				3F0A0A981E73DD9D008E385A /* DataManager.swift */,
				3F0A0A921E73DC10008E385A /* Utils.swift */,
				3F0A0A8E1E73DAB4008E385A /* Reachability.swift */,
			);
			name = Helpers;
			path = HealthCare/Helpers;
			sourceTree = "<group>";
		};
		3F0A0AA01E749D5C008E385A /* Assets */ = {
			isa = PBXGroup;
			children = (
				3F0A0AA11E749D77008E385A /* titleSequence.gif */,
			);
			name = Assets;
			path = HealthCare/Assets;
			sourceTree = "<group>";
		};
		3FD9D9D21E751A5D00B1A232 /* Sources */ = {
			isa = PBXGroup;
			children = (
				3FD9D9D31E751A5D00B1A232 /* Decoder.swift */,
				3FD9D9D41E751A5D00B1A232 /* Encoder.swift */,
				3FD9D9D51E751A5D00B1A232 /* ExtensionArray.swift */,
				3FD9D9D61E751A5D00B1A232 /* ExtensionDecodable.swift */,
				3FD9D9D71E751A5D00B1A232 /* ExtensionDictionary.swift */,
				3FD9D9D81E751A5D00B1A232 /* Gloss.h */,
				3FD9D9D91E751A5D00B1A232 /* Gloss.swift */,
				3FD9D9DA1E751A5D00B1A232 /* Info.plist */,
				3FD9D9DB1E751A5D00B1A232 /* Operators.swift */,
			);
			name = Sources;
			path = HealthCare/Sources;
			sourceTree = "<group>";
		};
/* End PBXGroup section */

/* Begin PBXNativeTarget section */
		3F0A0A711E73BFF4008E385A /* HealthCare */ = {
			isa = PBXNativeTarget;
			buildConfigurationList = 3F0A0A871E73BFF4008E385A /* Build configuration list for PBXNativeTarget "HealthCare" */;
			buildPhases = (
				3F0A0A6E1E73BFF4008E385A /* Sources */,
				3F0A0A6F1E73BFF4008E385A /* Frameworks */,
				3F0A0A701E73BFF4008E385A /* Resources */,
			);
			buildRules = (
			);
			dependencies = (
			);
			name = HealthCare;
			productName = HealthCare;
			productReference = 3F0A0A721E73BFF4008E385A /* HealthCare.app */;
			productType = "com.apple.product-type.application";
		};
/* End PBXNativeTarget section */

/* Begin PBXProject section */
		3F0A0A6A1E73BFF4008E385A /* Project object */ = {
			isa = PBXProject;
			attributes = {
				LastSwiftUpdateCheck = 0820;
				LastUpgradeCheck = 0820;
				ORGANIZATIONNAME = ASU;
				TargetAttributes = {
					3F0A0A711E73BFF4008E385A = {
						CreatedOnToolsVersion = 8.2.1;
						DevelopmentTeam = 7GQ3QY5M2Q;
						ProvisioningStyle = Automatic;
					};
				};
			};
			buildConfigurationList = 3F0A0A6D1E73BFF4008E385A /* Build configuration list for PBXProject "HealthCare" */;
			compatibilityVersion = "Xcode 3.2";
			developmentRegion = English;
			hasScannedForEncodings = 0;
			knownRegions = (
				en,
				Base,
			);
			mainGroup = 3F0A0A691E73BFF4008E385A;
			productRefGroup = 3F0A0A731E73BFF4008E385A /* Products */;
			projectDirPath = "";
			projectRoot = "";
			targets = (
				3F0A0A711E73BFF4008E385A /* HealthCare */,
			);
		};
/* End PBXProject section */

/* Begin PBXResourcesBuildPhase section */
		3F0A0A701E73BFF4008E385A /* Resources */ = {
			isa = PBXResourcesBuildPhase;
			buildActionMask = 2147483647;
			files = (
				3F0A0A831E73BFF4008E385A /* LaunchScreen.storyboard in Resources */,
				3F0A0A801E73BFF4008E385A /* Assets.xcassets in Resources */,
				3FD9D9E21E751A5D00B1A232 /* Info.plist in Resources */,
				3F0A0AA21E749D77008E385A /* titleSequence.gif in Resources */,
				3F0A0A9F1E749D56008E385A /* WebViewContent.html in Resources */,
				3F0A0A7B1E73BFF4008E385A /* Main.storyboard in Resources */,
			);
			runOnlyForDeploymentPostprocessing = 0;
		};
/* End PBXResourcesBuildPhase section */

/* Begin PBXSourcesBuildPhase section */
		3F0A0A6E1E73BFF4008E385A /* Sources */ = {
			isa = PBXSourcesBuildPhase;
			buildActionMask = 2147483647;
			files = (
				3FD9D9E11E751A5D00B1A232 /* Gloss.swift in Sources */,
				3FD9D9DF1E751A5D00B1A232 /* ExtensionDecodable.swift in Sources */,
				3F0A0A7E1E73BFF4008E385A /* HealthCare.xcdatamodeld in Sources */,
				3F0A0A781E73BFF4008E385A /* SWHMainViewController.swift in Sources */,
				3F0A0AA61E74D881008E385A /* DetailsViewController.swift in Sources */,
				3F0A0A901E73DAB4008E385A /* Reachability.swift in Sources */,
				3F0A0A9E1E749D56008E385A /* VideoSplashViewController.swift in Sources */,
				3F0A0A761E73BFF4008E385A /* AppDelegate.swift in Sources */,
				3FD9D9E31E751A5D00B1A232 /* Operators.swift in Sources */,
				3F0A0A991E73DD9D008E385A /* DataManager.swift in Sources */,
				3FD9D9DC1E751A5D00B1A232 /* Decoder.swift in Sources */,
				3FD9D9DD1E751A5D00B1A232 /* Encoder.swift in Sources */,
				3F0A0A931E73DC10008E385A /* Utils.swift in Sources */,
				3FD9D9DE1E751A5D00B1A232 /* ExtensionArray.swift in Sources */,
				3FD9D9E01E751A5D00B1A232 /* ExtensionDictionary.swift in Sources */,
			);
			runOnlyForDeploymentPostprocessing = 0;
		};
/* End PBXSourcesBuildPhase section */

/* Begin PBXVariantGroup section */
		3F0A0A791E73BFF4008E385A /* Main.storyboard */ = {
			isa = PBXVariantGroup;
			children = (
				3F0A0A7A1E73BFF4008E385A /* Base */,
			);
			name = Main.storyboard;
			sourceTree = "<group>";
		};
		3F0A0A811E73BFF4008E385A /* LaunchScreen.storyboard */ = {
			isa = PBXVariantGroup;
			children = (
				3F0A0A821E73BFF4008E385A /* Base */,
			);
			name = LaunchScreen.storyboard;
			sourceTree = "<group>";
		};
/* End PBXVariantGroup section */

/* Begin XCBuildConfiguration section */
		3F0A0A851E73BFF4008E385A /* Debug */ = {
			isa = XCBuildConfiguration;
			buildSettings = {
				ALWAYS_SEARCH_USER_PATHS = NO;
				CLANG_ANALYZER_NONNULL = YES;
				CLANG_CXX_LANGUAGE_STANDARD = "gnu++0x";
				CLANG_CXX_LIBRARY = "libc++";
				CLANG_ENABLE_MODULES = YES;
				CLANG_ENABLE_OBJC_ARC = YES;
				CLANG_WARN_BOOL_CONVERSION = YES;
				CLANG_WARN_CONSTANT_CONVERSION = YES;
				CLANG_WARN_DIRECT_OBJC_ISA_USAGE = YES_ERROR;
				CLANG_WARN_DOCUMENTATION_COMMENTS = YES;
				CLANG_WARN_EMPTY_BODY = YES;
				CLANG_WARN_ENUM_CONVERSION = YES;
				CLANG_WARN_INFINITE_RECURSION = YES;
				CLANG_WARN_INT_CONVERSION = YES;
				CLANG_WARN_OBJC_ROOT_CLASS = YES_ERROR;
				CLANG_WARN_SUSPICIOUS_MOVE = YES;
				CLANG_WARN_UNREACHABLE_CODE = YES;
				CLANG_WARN__DUPLICATE_METHOD_MATCH = YES;
				"CODE_SIGN_IDENTITY[sdk=iphoneos*]" = "iPhone Developer";
				COPY_PHASE_STRIP = NO;
				DEBUG_INFORMATION_FORMAT = dwarf;
				ENABLE_STRICT_OBJC_MSGSEND = YES;
				ENABLE_TESTABILITY = YES;
				GCC_C_LANGUAGE_STANDARD = gnu99;
				GCC_DYNAMIC_NO_PIC = NO;
				GCC_NO_COMMON_BLOCKS = YES;
				GCC_OPTIMIZATION_LEVEL = 0;
				GCC_PREPROCESSOR_DEFINITIONS = (
					"DEBUG=1",
					"$(inherited)",
				);
				GCC_WARN_64_TO_32_BIT_CONVERSION = YES;
				GCC_WARN_ABOUT_RETURN_TYPE = YES_ERROR;
				GCC_WARN_UNDECLARED_SELECTOR = YES;
				GCC_WARN_UNINITIALIZED_AUTOS = YES_AGGRESSIVE;
				GCC_WARN_UNUSED_FUNCTION = YES;
				GCC_WARN_UNUSED_VARIABLE = YES;
				IPHONEOS_DEPLOYMENT_TARGET = 10.2;
				MTL_ENABLE_DEBUG_INFO = YES;
				ONLY_ACTIVE_ARCH = YES;
				SDKROOT = iphoneos;
				SWIFT_ACTIVE_COMPILATION_CONDITIONS = DEBUG;
				SWIFT_OPTIMIZATION_LEVEL = "-Onone";
				TARGETED_DEVICE_FAMILY = "1,2";
			};
			name = Debug;
		};
		3F0A0A861E73BFF4008E385A /* Release */ = {
			isa = XCBuildConfiguration;
			buildSettings = {
				ALWAYS_SEARCH_USER_PATHS = NO;
				CLANG_ANALYZER_NONNULL = YES;
				CLANG_CXX_LANGUAGE_STANDARD = "gnu++0x";
				CLANG_CXX_LIBRARY = "libc++";
				CLANG_ENABLE_MODULES = YES;
				CLANG_ENABLE_OBJC_ARC = YES;
				CLANG_WARN_BOOL_CONVERSION = YES;
				CLANG_WARN_CONSTANT_CONVERSION = YES;
				CLANG_WARN_DIRECT_OBJC_ISA_USAGE = YES_ERROR;
				CLANG_WARN_DOCUMENTATION_COMMENTS = YES;
				CLANG_WARN_EMPTY_BODY = YES;
				CLANG_WARN_ENUM_CONVERSION = YES;
				CLANG_WARN_INFINITE_RECURSION = YES;
				CLANG_WARN_INT_CONVERSION = YES;
				CLANG_WARN_OBJC_ROOT_CLASS = YES_ERROR;
				CLANG_WARN_SUSPICIOUS_MOVE = YES;
				CLANG_WARN_UNREACHABLE_CODE = YES;
				CLANG_WARN__DUPLICATE_METHOD_MATCH = YES;
				"CODE_SIGN_IDENTITY[sdk=iphoneos*]" = "iPhone Developer";
				COPY_PHASE_STRIP = NO;
				DEBUG_INFORMATION_FORMAT = "dwarf-with-dsym";
				ENABLE_NS_ASSERTIONS = NO;
				ENABLE_STRICT_OBJC_MSGSEND = YES;
				GCC_C_LANGUAGE_STANDARD = gnu99;
				GCC_NO_COMMON_BLOCKS = YES;
				GCC_WARN_64_TO_32_BIT_CONVERSION = YES;
				GCC_WARN_ABOUT_RETURN_TYPE = YES_ERROR;
				GCC_WARN_UNDECLARED_SELECTOR = YES;
				GCC_WARN_UNINITIALIZED_AUTOS = YES_AGGRESSIVE;
				GCC_WARN_UNUSED_FUNCTION = YES;
				GCC_WARN_UNUSED_VARIABLE = YES;
				IPHONEOS_DEPLOYMENT_TARGET = 10.2;
				MTL_ENABLE_DEBUG_INFO = NO;
				SDKROOT = iphoneos;
				SWIFT_OPTIMIZATION_LEVEL = "-Owholemodule";
				TARGETED_DEVICE_FAMILY = "1,2";
				VALIDATE_PRODUCT = YES;
			};
			name = Release;
		};
		3F0A0A881E73BFF4008E385A /* Debug */ = {
			isa = XCBuildConfiguration;
			buildSettings = {
				ASSETCATALOG_COMPILER_APPICON_NAME = AppIcon;
				DEVELOPMENT_TEAM = 7GQ3QY5M2Q;
				INFOPLIST_FILE = HealthCare/Info.plist;
				LD_RUNPATH_SEARCH_PATHS = "$(inherited) @executable_path/Frameworks";
				PRODUCT_BUNDLE_IDENTIFIER = edu.asu.swhacks17.HealthCare;
				PRODUCT_NAME = "$(TARGET_NAME)";
				SWIFT_VERSION = 3.0;
			};
			name = Debug;
		};
		3F0A0A891E73BFF4008E385A /* Release */ = {
			isa = XCBuildConfiguration;
			buildSettings = {
				ASSETCATALOG_COMPILER_APPICON_NAME = AppIcon;
				DEVELOPMENT_TEAM = 7GQ3QY5M2Q;
				INFOPLIST_FILE = HealthCare/Info.plist;
				LD_RUNPATH_SEARCH_PATHS = "$(inherited) @executable_path/Frameworks";
				PRODUCT_BUNDLE_IDENTIFIER = edu.asu.swhacks17.HealthCare;
				PRODUCT_NAME = "$(TARGET_NAME)";
				SWIFT_VERSION = 3.0;
			};
			name = Release;
		};
/* End XCBuildConfiguration section */

/* Begin XCConfigurationList section */
		3F0A0A6D1E73BFF4008E385A /* Build configuration list for PBXProject "HealthCare" */ = {
			isa = XCConfigurationList;
			buildConfigurations = (
				3F0A0A851E73BFF4008E385A /* Debug */,
				3F0A0A861E73BFF4008E385A /* Release */,
			);
			defaultConfigurationIsVisible = 0;
			defaultConfigurationName = Release;
		};
		3F0A0A871E73BFF4008E385A /* Build configuration list for PBXNativeTarget "HealthCare" */ = {
			isa = XCConfigurationList;
			buildConfigurations = (
				3F0A0A881E73BFF4008E385A /* Debug */,
				3F0A0A891E73BFF4008E385A /* Release */,
			);
			defaultConfigurationIsVisible = 0;
			defaultConfigurationName = Release;
		};
/* End XCConfigurationList section */

/* Begin XCVersionGroup section */
		3F0A0A7C1E73BFF4008E385A /* HealthCare.xcdatamodeld */ = {
			isa = XCVersionGroup;
			children = (
				3F0A0A7D1E73BFF4008E385A /* HealthCare.xcdatamodel */,
			);
			currentVersion = 3F0A0A7D1E73BFF4008E385A /* HealthCare.xcdatamodel */;
			path = HealthCare.xcdatamodeld;
			sourceTree = "<group>";
			versionGroupType = wrapper.xcdatamodel;
		};
/* End XCVersionGroup section */
	};
	rootObject = 3F0A0A6A1E73BFF4008E385A /* Project object */;
}
